// !$*UTF8*$!
{
	archiveVersion = 1;
	classes = {
	};
	objectVersion = 51;
	objects = {

/* Begin PBXBuildFile section */
		045759FF245809470052E7CC /* AfterLoginViewController.swift in Sources */ = {isa = PBXBuildFile; fileRef = 045759FE245809470052E7CC /* AfterLoginViewController.swift */; };
		047094122472ECAD006E4AA0 /* VKRequests.swift in Sources */ = {isa = PBXBuildFile; fileRef = 047094112472ECAD006E4AA0 /* VKRequests.swift */; };
		047559C32472AC2C006E165B /* LoginWebViewController.swift in Sources */ = {isa = PBXBuildFile; fileRef = 047559C22472AC2C006E165B /* LoginWebViewController.swift */; };
		047BE8E8244756D0005BE481 /* NewsTableViewController.swift in Sources */ = {isa = PBXBuildFile; fileRef = 047BE8E7244756D0005BE481 /* NewsTableViewController.swift */; };
		047BE8EB244757A4005BE481 /* NewsTableViewCell.swift in Sources */ = {isa = PBXBuildFile; fileRef = 047BE8E9244757A4005BE481 /* NewsTableViewCell.swift */; };
		04937C4824330E4400739FD8 /* AppDelegate.swift in Sources */ = {isa = PBXBuildFile; fileRef = 04937C4724330E4400739FD8 /* AppDelegate.swift */; };
		04937C4F24330E4400739FD8 /* Main.storyboard in Resources */ = {isa = PBXBuildFile; fileRef = 04937C4D24330E4400739FD8 /* Main.storyboard */; };
		04937C5124330E4700739FD8 /* Assets.xcassets in Resources */ = {isa = PBXBuildFile; fileRef = 04937C5024330E4700739FD8 /* Assets.xcassets */; };
		04937C5424330E4700739FD8 /* LaunchScreen.storyboard in Resources */ = {isa = PBXBuildFile; fileRef = 04937C5224330E4700739FD8 /* LaunchScreen.storyboard */; };
		04937C5C24330F8900739FD8 /* LoginFormViewController.swift in Sources */ = {isa = PBXBuildFile; fileRef = 04937C5B24330F8900739FD8 /* LoginFormViewController.swift */; };
		04BA3C1324481E2900CC2387 /* News.swift in Sources */ = {isa = PBXBuildFile; fileRef = 04BA3C1224481E2900CC2387 /* News.swift */; };
		04DC50E924505AFA0090362C /* PhotoSliderViewController.swift in Sources */ = {isa = PBXBuildFile; fileRef = 04DC50E824505AFA0090362C /* PhotoSliderViewController.swift */; };
		04E02D8524683EAF00461B8D /* Session.swift in Sources */ = {isa = PBXBuildFile; fileRef = 04E02D8424683EAF00461B8D /* Session.swift */; };
		04EDE5A1243B38F5005CFDBC /* User.swift in Sources */ = {isa = PBXBuildFile; fileRef = 04EDE5A0243B38F5005CFDBC /* User.swift */; };
		04EDE5A3243B391A005CFDBC /* Group.swift in Sources */ = {isa = PBXBuildFile; fileRef = 04EDE5A2243B391A005CFDBC /* Group.swift */; };
		04F637DB24436DC2004D066F /* ButtonWithCounter.swift in Sources */ = {isa = PBXBuildFile; fileRef = 04F637DA24436DC2004D066F /* ButtonWithCounter.swift */; };
		04FF9B5A2438B81E0098262E /* FriendsTableViewController.swift in Sources */ = {isa = PBXBuildFile; fileRef = 04FF9B592438B81E0098262E /* FriendsTableViewController.swift */; };
		04FF9B5C2438B8380098262E /* FriendsTableViewCell.swift in Sources */ = {isa = PBXBuildFile; fileRef = 04FF9B5B2438B8380098262E /* FriendsTableViewCell.swift */; };
		04FF9B5E2438C27A0098262E /* MyGroupsTableViewCell.swift in Sources */ = {isa = PBXBuildFile; fileRef = 04FF9B5D2438C27A0098262E /* MyGroupsTableViewCell.swift */; };
		04FF9B602438C28D0098262E /* AllGroupsTableViewCell.swift in Sources */ = {isa = PBXBuildFile; fileRef = 04FF9B5F2438C28D0098262E /* AllGroupsTableViewCell.swift */; };
		04FF9B622438C2AE0098262E /* MyGroupsTableViewController.swift in Sources */ = {isa = PBXBuildFile; fileRef = 04FF9B612438C2AE0098262E /* MyGroupsTableViewController.swift */; };
		04FF9B642438C2C40098262E /* AllGroupsTableViewController.swift in Sources */ = {isa = PBXBuildFile; fileRef = 04FF9B632438C2C40098262E /* AllGroupsTableViewController.swift */; };
		04FF9B672438D5640098262E /* FriendsPhotoesCollectionViewController.swift in Sources */ = {isa = PBXBuildFile; fileRef = 04FF9B662438D5640098262E /* FriendsPhotoesCollectionViewController.swift */; };
		04FF9B692438D5970098262E /* FriendsPhotoesCollectionViewCell.swift in Sources */ = {isa = PBXBuildFile; fileRef = 04FF9B682438D5970098262E /* FriendsPhotoesCollectionViewCell.swift */; };
		4C07A5081E4EDBD27D8E97F4 /* Pods_SharonovAntonVK.framework in Frameworks */ = {isa = PBXBuildFile; fileRef = ED2D9E3B6CA369D9DD72D3CE /* Pods_SharonovAntonVK.framework */; };
/* End PBXBuildFile section */

/* Begin PBXFileReference section */
		045759FE245809470052E7CC /* AfterLoginViewController.swift */ = {isa = PBXFileReference; lastKnownFileType = sourcecode.swift; path = AfterLoginViewController.swift; sourceTree = "<group>"; };
		047094112472ECAD006E4AA0 /* VKRequests.swift */ = {isa = PBXFileReference; lastKnownFileType = sourcecode.swift; path = VKRequests.swift; sourceTree = "<group>"; };
		047559C22472AC2C006E165B /* LoginWebViewController.swift */ = {isa = PBXFileReference; lastKnownFileType = sourcecode.swift; path = LoginWebViewController.swift; sourceTree = "<group>"; };
		047BE8E7244756D0005BE481 /* NewsTableViewController.swift */ = {isa = PBXFileReference; lastKnownFileType = sourcecode.swift; path = NewsTableViewController.swift; sourceTree = "<group>"; };
		047BE8E9244757A4005BE481 /* NewsTableViewCell.swift */ = {isa = PBXFileReference; lastKnownFileType = sourcecode.swift; path = NewsTableViewCell.swift; sourceTree = "<group>"; };
		04937C4424330E4400739FD8 /* SharonovAntonVK.app */ = {isa = PBXFileReference; explicitFileType = wrapper.application; includeInIndex = 0; path = SharonovAntonVK.app; sourceTree = BUILT_PRODUCTS_DIR; };
		04937C4724330E4400739FD8 /* AppDelegate.swift */ = {isa = PBXFileReference; lastKnownFileType = sourcecode.swift; path = AppDelegate.swift; sourceTree = "<group>"; };
		04937C4E24330E4400739FD8 /* Base */ = {isa = PBXFileReference; lastKnownFileType = file.storyboard; name = Base; path = Base.lproj/Main.storyboard; sourceTree = "<group>"; };
		04937C5024330E4700739FD8 /* Assets.xcassets */ = {isa = PBXFileReference; lastKnownFileType = folder.assetcatalog; path = Assets.xcassets; sourceTree = "<group>"; };
		04937C5324330E4700739FD8 /* Base */ = {isa = PBXFileReference; lastKnownFileType = file.storyboard; name = Base; path = Base.lproj/LaunchScreen.storyboard; sourceTree = "<group>"; };
		04937C5524330E4700739FD8 /* Info.plist */ = {isa = PBXFileReference; lastKnownFileType = text.plist.xml; path = Info.plist; sourceTree = "<group>"; };
		04937C5B24330F8900739FD8 /* LoginFormViewController.swift */ = {isa = PBXFileReference; lastKnownFileType = sourcecode.swift; path = LoginFormViewController.swift; sourceTree = "<group>"; };
		04BA3C1224481E2900CC2387 /* News.swift */ = {isa = PBXFileReference; lastKnownFileType = sourcecode.swift; path = News.swift; sourceTree = "<group>"; };
		04DC50E824505AFA0090362C /* PhotoSliderViewController.swift */ = {isa = PBXFileReference; lastKnownFileType = sourcecode.swift; path = PhotoSliderViewController.swift; sourceTree = "<group>"; };
		04E02D8424683EAF00461B8D /* Session.swift */ = {isa = PBXFileReference; lastKnownFileType = sourcecode.swift; path = Session.swift; sourceTree = "<group>"; };
		04EDE5A0243B38F5005CFDBC /* User.swift */ = {isa = PBXFileReference; lastKnownFileType = sourcecode.swift; path = User.swift; sourceTree = "<group>"; };
		04EDE5A2243B391A005CFDBC /* Group.swift */ = {isa = PBXFileReference; lastKnownFileType = sourcecode.swift; path = Group.swift; sourceTree = "<group>"; };
		04F637DA24436DC2004D066F /* ButtonWithCounter.swift */ = {isa = PBXFileReference; lastKnownFileType = sourcecode.swift; path = ButtonWithCounter.swift; sourceTree = "<group>"; };
		04FF9B592438B81E0098262E /* FriendsTableViewController.swift */ = {isa = PBXFileReference; lastKnownFileType = sourcecode.swift; path = FriendsTableViewController.swift; sourceTree = "<group>"; };
		04FF9B5B2438B8380098262E /* FriendsTableViewCell.swift */ = {isa = PBXFileReference; lastKnownFileType = sourcecode.swift; path = FriendsTableViewCell.swift; sourceTree = "<group>"; };
		04FF9B5D2438C27A0098262E /* MyGroupsTableViewCell.swift */ = {isa = PBXFileReference; lastKnownFileType = sourcecode.swift; path = MyGroupsTableViewCell.swift; sourceTree = "<group>"; };
		04FF9B5F2438C28D0098262E /* AllGroupsTableViewCell.swift */ = {isa = PBXFileReference; lastKnownFileType = sourcecode.swift; path = AllGroupsTableViewCell.swift; sourceTree = "<group>"; };
		04FF9B612438C2AE0098262E /* MyGroupsTableViewController.swift */ = {isa = PBXFileReference; lastKnownFileType = sourcecode.swift; path = MyGroupsTableViewController.swift; sourceTree = "<group>"; };
		04FF9B632438C2C40098262E /* AllGroupsTableViewController.swift */ = {isa = PBXFileReference; lastKnownFileType = sourcecode.swift; path = AllGroupsTableViewController.swift; sourceTree = "<group>"; };
		04FF9B662438D5640098262E /* FriendsPhotoesCollectionViewController.swift */ = {isa = PBXFileReference; lastKnownFileType = sourcecode.swift; path = FriendsPhotoesCollectionViewController.swift; sourceTree = "<group>"; };
		04FF9B682438D5970098262E /* FriendsPhotoesCollectionViewCell.swift */ = {isa = PBXFileReference; lastKnownFileType = sourcecode.swift; path = FriendsPhotoesCollectionViewCell.swift; sourceTree = "<group>"; };
		710221D5E9670788475BCC9B /* Pods-SharonovAntonVK.debug.xcconfig */ = {isa = PBXFileReference; includeInIndex = 1; lastKnownFileType = text.xcconfig; name = "Pods-SharonovAntonVK.debug.xcconfig"; path = "Target Support Files/Pods-SharonovAntonVK/Pods-SharonovAntonVK.debug.xcconfig"; sourceTree = "<group>"; };
		ED2D9E3B6CA369D9DD72D3CE /* Pods_SharonovAntonVK.framework */ = {isa = PBXFileReference; explicitFileType = wrapper.framework; includeInIndex = 0; path = Pods_SharonovAntonVK.framework; sourceTree = BUILT_PRODUCTS_DIR; };
		FFD3C0F72586A6F18D6F8377 /* Pods-SharonovAntonVK.release.xcconfig */ = {isa = PBXFileReference; includeInIndex = 1; lastKnownFileType = text.xcconfig; name = "Pods-SharonovAntonVK.release.xcconfig"; path = "Target Support Files/Pods-SharonovAntonVK/Pods-SharonovAntonVK.release.xcconfig"; sourceTree = "<group>"; };
/* End PBXFileReference section */

/* Begin PBXFrameworksBuildPhase section */
		04937C4124330E4400739FD8 /* Frameworks */ = {
			isa = PBXFrameworksBuildPhase;
			buildActionMask = 2147483647;
			files = (
				4C07A5081E4EDBD27D8E97F4 /* Pods_SharonovAntonVK.framework in Frameworks */,
			);
			runOnlyForDeploymentPostprocessing = 0;
		};
/* End PBXFrameworksBuildPhase section */

/* Begin PBXGroup section */
		047BE8E6244756AD005BE481 /* News */ = {
			isa = PBXGroup;
			children = (
				047BE8E7244756D0005BE481 /* NewsTableViewController.swift */,
				047BE8E9244757A4005BE481 /* NewsTableViewCell.swift */,
			);
			path = News;
			sourceTree = "<group>";
		};
		04937C3B24330E4400739FD8 = {
			isa = PBXGroup;
			children = (
				04937C4624330E4400739FD8 /* SharonovAntonVK */,
				04937C4524330E4400739FD8 /* Products */,
				69B87F51E3E9BE9595BD4209 /* Pods */,
				46AB222BB77D5F05F2AE96E6 /* Frameworks */,
			);
			sourceTree = "<group>";
		};
		04937C4524330E4400739FD8 /* Products */ = {
			isa = PBXGroup;
			children = (
				04937C4424330E4400739FD8 /* SharonovAntonVK.app */,
			);
			name = Products;
			sourceTree = "<group>";
		};
		04937C4624330E4400739FD8 /* SharonovAntonVK */ = {
			isa = PBXGroup;
			children = (
				04EDE59F243B3808005CFDBC /* Model */,
				047BE8E6244756AD005BE481 /* News */,
				04FF9B582438B7EB0098262E /* Groups */,
				04FF9B572438B7DD0098262E /* Friends */,
				04937C4724330E4400739FD8 /* AppDelegate.swift */,
				04937C4D24330E4400739FD8 /* Main.storyboard */,
				047559C22472AC2C006E165B /* LoginWebViewController.swift */,
				04937C5B24330F8900739FD8 /* LoginFormViewController.swift */,
				045759FE245809470052E7CC /* AfterLoginViewController.swift */,
				04937C5024330E4700739FD8 /* Assets.xcassets */,
				04937C5224330E4700739FD8 /* LaunchScreen.storyboard */,
				04937C5524330E4700739FD8 /* Info.plist */,
				047094112472ECAD006E4AA0 /* VKRequests.swift */,
			);
			path = SharonovAntonVK;
			sourceTree = "<group>";
		};
		04EDE59F243B3808005CFDBC /* Model */ = {
			isa = PBXGroup;
			children = (
				04EDE5A0243B38F5005CFDBC /* User.swift */,
				04E02D8424683EAF00461B8D /* Session.swift */,
				04BA3C1224481E2900CC2387 /* News.swift */,
				04EDE5A2243B391A005CFDBC /* Group.swift */,
				04F637DA24436DC2004D066F /* ButtonWithCounter.swift */,
			);
			path = Model;
			sourceTree = "<group>";
		};
		04FF9B572438B7DD0098262E /* Friends */ = {
			isa = PBXGroup;
			children = (
				04FF9B592438B81E0098262E /* FriendsTableViewController.swift */,
				04FF9B5B2438B8380098262E /* FriendsTableViewCell.swift */,
				04FF9B662438D5640098262E /* FriendsPhotoesCollectionViewController.swift */,
				04FF9B682438D5970098262E /* FriendsPhotoesCollectionViewCell.swift */,
				04DC50E824505AFA0090362C /* PhotoSliderViewController.swift */,
			);
			path = Friends;
			sourceTree = "<group>";
		};
		04FF9B582438B7EB0098262E /* Groups */ = {
			isa = PBXGroup;
			children = (
				04FF9B632438C2C40098262E /* AllGroupsTableViewController.swift */,
				04FF9B5F2438C28D0098262E /* AllGroupsTableViewCell.swift */,
				04FF9B612438C2AE0098262E /* MyGroupsTableViewController.swift */,
				04FF9B5D2438C27A0098262E /* MyGroupsTableViewCell.swift */,
			);
			path = Groups;
			sourceTree = "<group>";
		};
		46AB222BB77D5F05F2AE96E6 /* Frameworks */ = {
			isa = PBXGroup;
			children = (
				ED2D9E3B6CA369D9DD72D3CE /* Pods_SharonovAntonVK.framework */,
			);
			name = Frameworks;
			sourceTree = "<group>";
		};
		69B87F51E3E9BE9595BD4209 /* Pods */ = {
			isa = PBXGroup;
			children = (
				710221D5E9670788475BCC9B /* Pods-SharonovAntonVK.debug.xcconfig */,
				FFD3C0F72586A6F18D6F8377 /* Pods-SharonovAntonVK.release.xcconfig */,
			);
			path = Pods;
			sourceTree = "<group>";
		};
/* End PBXGroup section */

/* Begin PBXNativeTarget section */
		04937C4324330E4400739FD8 /* SharonovAntonVK */ = {
			isa = PBXNativeTarget;
			buildConfigurationList = 04937C5824330E4700739FD8 /* Build configuration list for PBXNativeTarget "SharonovAntonVK" */;
			buildPhases = (
				13CB72D48F229E620309CE27 /* [CP] Check Pods Manifest.lock */,
				04937C4024330E4400739FD8 /* Sources */,
				04937C4124330E4400739FD8 /* Frameworks */,
				04937C4224330E4400739FD8 /* Resources */,
				C4285FADE7700A4E8EC44700 /* [CP] Embed Pods Frameworks */,
			);
			buildRules = (
			);
			dependencies = (
			);
			name = SharonovAntonVK;
			productName = SharonovAntonVK;
			productReference = 04937C4424330E4400739FD8 /* SharonovAntonVK.app */;
			productType = "com.apple.product-type.application";
		};
/* End PBXNativeTarget section */

/* Begin PBXProject section */
		04937C3C24330E4400739FD8 /* Project object */ = {
			isa = PBXProject;
			attributes = {
				LastSwiftUpdateCheck = 1130;
				LastUpgradeCheck = 1130;
				ORGANIZATIONNAME = AntonSharonov;
				TargetAttributes = {
					04937C4324330E4400739FD8 = {
						CreatedOnToolsVersion = 11.3.1;
					};
				};
			};
			buildConfigurationList = 04937C3F24330E4400739FD8 /* Build configuration list for PBXProject "SharonovAntonVK" */;
			compatibilityVersion = "Xcode 9.3";
			developmentRegion = en;
			hasScannedForEncodings = 0;
			knownRegions = (
				en,
				Base,
			);
			mainGroup = 04937C3B24330E4400739FD8;
			productRefGroup = 04937C4524330E4400739FD8 /* Products */;
			projectDirPath = "";
			projectRoot = "";
			targets = (
				04937C4324330E4400739FD8 /* SharonovAntonVK */,
			);
		};
/* End PBXProject section */

/* Begin PBXResourcesBuildPhase section */
		04937C4224330E4400739FD8 /* Resources */ = {
			isa = PBXResourcesBuildPhase;
			buildActionMask = 2147483647;
			files = (
				04937C5424330E4700739FD8 /* LaunchScreen.storyboard in Resources */,
				04937C5124330E4700739FD8 /* Assets.xcassets in Resources */,
				04937C4F24330E4400739FD8 /* Main.storyboard in Resources */,
			);
			runOnlyForDeploymentPostprocessing = 0;
		};
/* End PBXResourcesBuildPhase section */

/* Begin PBXShellScriptBuildPhase section */
		13CB72D48F229E620309CE27 /* [CP] Check Pods Manifest.lock */ = {
			isa = PBXShellScriptBuildPhase;
			buildActionMask = 2147483647;
			files = (
			);
			inputFileListPaths = (
			);
			inputPaths = (
				"${PODS_PODFILE_DIR_PATH}/Podfile.lock",
				"${PODS_ROOT}/Manifest.lock",
			);
			name = "[CP] Check Pods Manifest.lock";
			outputFileListPaths = (
			);
			outputPaths = (
				"$(DERIVED_FILE_DIR)/Pods-SharonovAntonVK-checkManifestLockResult.txt",
			);
			runOnlyForDeploymentPostprocessing = 0;
			shellPath = /bin/sh;
			shellScript = "diff \"${PODS_PODFILE_DIR_PATH}/Podfile.lock\" \"${PODS_ROOT}/Manifest.lock\" > /dev/null\nif [ $? != 0 ] ; then\n    # print error to STDERR\n    echo \"error: The sandbox is not in sync with the Podfile.lock. Run 'pod install' or update your CocoaPods installation.\" >&2\n    exit 1\nfi\n# This output is used by Xcode 'outputs' to avoid re-running this script phase.\necho \"SUCCESS\" > \"${SCRIPT_OUTPUT_FILE_0}\"\n";
			showEnvVarsInLog = 0;
		};
		C4285FADE7700A4E8EC44700 /* [CP] Embed Pods Frameworks */ = {
			isa = PBXShellScriptBuildPhase;
			buildActionMask = 2147483647;
			files = (
			);
			inputFileListPaths = (
				"${PODS_ROOT}/Target Support Files/Pods-SharonovAntonVK/Pods-SharonovAntonVK-frameworks-${CONFIGURATION}-input-files.xcfilelist",
			);
			name = "[CP] Embed Pods Frameworks";
			outputFileListPaths = (
				"${PODS_ROOT}/Target Support Files/Pods-SharonovAntonVK/Pods-SharonovAntonVK-frameworks-${CONFIGURATION}-output-files.xcfilelist",
			);
			runOnlyForDeploymentPostprocessing = 0;
			shellPath = /bin/sh;
			shellScript = "\"${PODS_ROOT}/Target Support Files/Pods-SharonovAntonVK/Pods-SharonovAntonVK-frameworks.sh\"\n";
			showEnvVarsInLog = 0;
		};
/* End PBXShellScriptBuildPhase section */

/* Begin PBXSourcesBuildPhase section */
		04937C4024330E4400739FD8 /* Sources */ = {
			isa = PBXSourcesBuildPhase;
			buildActionMask = 2147483647;
			files = (
				04F637DB24436DC2004D066F /* ButtonWithCounter.swift in Sources */,
				047559C32472AC2C006E165B /* LoginWebViewController.swift in Sources */,
				04FF9B5E2438C27A0098262E /* MyGroupsTableViewCell.swift in Sources */,
				04BA3C1324481E2900CC2387 /* News.swift in Sources */,
				047BE8EB244757A4005BE481 /* NewsTableViewCell.swift in Sources */,
				04FF9B642438C2C40098262E /* AllGroupsTableViewController.swift in Sources */,
				04937C5C24330F8900739FD8 /* LoginFormViewController.swift in Sources */,
				04EDE5A3243B391A005CFDBC /* Group.swift in Sources */,
				04FF9B622438C2AE0098262E /* MyGroupsTableViewController.swift in Sources */,
				04937C4824330E4400739FD8 /* AppDelegate.swift in Sources */,
				04FF9B692438D5970098262E /* FriendsPhotoesCollectionViewCell.swift in Sources */,
				04FF9B5A2438B81E0098262E /* FriendsTableViewController.swift in Sources */,
				04E02D8524683EAF00461B8D /* Session.swift in Sources */,
				047094122472ECAD006E4AA0 /* VKRequests.swift in Sources */,
				04DC50E924505AFA0090362C /* PhotoSliderViewController.swift in Sources */,
				04FF9B672438D5640098262E /* FriendsPhotoesCollectionViewController.swift in Sources */,
				04FF9B5C2438B8380098262E /* FriendsTableViewCell.swift in Sources */,
				04FF9B602438C28D0098262E /* AllGroupsTableViewCell.swift in Sources */,
				045759FF245809470052E7CC /* AfterLoginViewController.swift in Sources */,
				047BE8E8244756D0005BE481 /* NewsTableViewController.swift in Sources */,
				04EDE5A1243B38F5005CFDBC /* User.swift in Sources */,
			);
			runOnlyForDeploymentPostprocessing = 0;
		};
/* End PBXSourcesBuildPhase section */

/* Begin PBXVariantGroup section */
		04937C4D24330E4400739FD8 /* Main.storyboard */ = {
			isa = PBXVariantGroup;
			children = (
				04937C4E24330E4400739FD8 /* Base */,
			);
			name = Main.storyboard;
			sourceTree = "<group>";
		};
		04937C5224330E4700739FD8 /* LaunchScreen.storyboard */ = {
			isa = PBXVariantGroup;
			children = (
				04937C5324330E4700739FD8 /* Base */,
			);
			name = LaunchScreen.storyboard;
			sourceTree = "<group>";
		};
/* End PBXVariantGroup section */

/* Begin XCBuildConfiguration section */
		04937C5624330E4700739FD8 /* Debug */ = {
			isa = XCBuildConfiguration;
			buildSettings = {
				ALWAYS_SEARCH_USER_PATHS = NO;
				CLANG_ANALYZER_NONNULL = YES;
				CLANG_ANALYZER_NUMBER_OBJECT_CONVERSION = YES_AGGRESSIVE;
				CLANG_CXX_LANGUAGE_STANDARD = "gnu++14";
				CLANG_CXX_LIBRARY = "libc++";
				CLANG_ENABLE_MODULES = YES;
				CLANG_ENABLE_OBJC_ARC = YES;
				CLANG_ENABLE_OBJC_WEAK = YES;
				CLANG_WARN_BLOCK_CAPTURE_AUTORELEASING = YES;
				CLANG_WARN_BOOL_CONVERSION = YES;
				CLANG_WARN_COMMA = YES;
				CLANG_WARN_CONSTANT_CONVERSION = YES;
				CLANG_WARN_DEPRECATED_OBJC_IMPLEMENTATIONS = YES;
				CLANG_WARN_DIRECT_OBJC_ISA_USAGE = YES_ERROR;
				CLANG_WARN_DOCUMENTATION_COMMENTS = YES;
				CLANG_WARN_EMPTY_BODY = YES;
				CLANG_WARN_ENUM_CONVERSION = YES;
				CLANG_WARN_INFINITE_RECURSION = YES;
				CLANG_WARN_INT_CONVERSION = YES;
				CLANG_WARN_NON_LITERAL_NULL_CONVERSION = YES;
				CLANG_WARN_OBJC_IMPLICIT_RETAIN_SELF = YES;
				CLANG_WARN_OBJC_LITERAL_CONVERSION = YES;
				CLANG_WARN_OBJC_ROOT_CLASS = YES_ERROR;
				CLANG_WARN_RANGE_LOOP_ANALYSIS = YES;
				CLANG_WARN_STRICT_PROTOTYPES = YES;
				CLANG_WARN_SUSPICIOUS_MOVE = YES;
				CLANG_WARN_UNGUARDED_AVAILABILITY = YES_AGGRESSIVE;
				CLANG_WARN_UNREACHABLE_CODE = YES;
				CLANG_WARN__DUPLICATE_METHOD_MATCH = YES;
				COPY_PHASE_STRIP = NO;
				DEBUG_INFORMATION_FORMAT = dwarf;
				ENABLE_STRICT_OBJC_MSGSEND = YES;
				ENABLE_TESTABILITY = YES;
				GCC_C_LANGUAGE_STANDARD = gnu11;
				GCC_DYNAMIC_NO_PIC = NO;
				GCC_NO_COMMON_BLOCKS = YES;
				GCC_OPTIMIZATION_LEVEL = 0;
				GCC_PREPROCESSOR_DEFINITIONS = (
					"DEBUG=1",
					"$(inherited)",
				);
				GCC_WARN_64_TO_32_BIT_CONVERSION = YES;
				GCC_WARN_ABOUT_RETURN_TYPE = YES_ERROR;
				GCC_WARN_UNDECLARED_SELECTOR = YES;
				GCC_WARN_UNINITIALIZED_AUTOS = YES_AGGRESSIVE;
				GCC_WARN_UNUSED_FUNCTION = YES;
				GCC_WARN_UNUSED_VARIABLE = YES;
				IPHONEOS_DEPLOYMENT_TARGET = 13.2;
				MTL_ENABLE_DEBUG_INFO = INCLUDE_SOURCE;
				MTL_FAST_MATH = YES;
				ONLY_ACTIVE_ARCH = YES;
				SDKROOT = iphoneos;
				SWIFT_ACTIVE_COMPILATION_CONDITIONS = DEBUG;
				SWIFT_OPTIMIZATION_LEVEL = "-Onone";
			};
			name = Debug;
		};
		04937C5724330E4700739FD8 /* Release */ = {
			isa = XCBuildConfiguration;
			buildSettings = {
				ALWAYS_SEARCH_USER_PATHS = NO;
				CLANG_ANALYZER_NONNULL = YES;
				CLANG_ANALYZER_NUMBER_OBJECT_CONVERSION = YES_AGGRESSIVE;
				CLANG_CXX_LANGUAGE_STANDARD = "gnu++14";
				CLANG_CXX_LIBRARY = "libc++";
				CLANG_ENABLE_MODULES = YES;
				CLANG_ENABLE_OBJC_ARC = YES;
				CLANG_ENABLE_OBJC_WEAK = YES;
				CLANG_WARN_BLOCK_CAPTURE_AUTORELEASING = YES;
				CLANG_WARN_BOOL_CONVERSION = YES;
				CLANG_WARN_COMMA = YES;
				CLANG_WARN_CONSTANT_CONVERSION = YES;
				CLANG_WARN_DEPRECATED_OBJC_IMPLEMENTATIONS = YES;
				CLANG_WARN_DIRECT_OBJC_ISA_USAGE = YES_ERROR;
				CLANG_WARN_DOCUMENTATION_COMMENTS = YES;
				CLANG_WARN_EMPTY_BODY = YES;
				CLANG_WARN_ENUM_CONVERSION = YES;
				CLANG_WARN_INFINITE_RECURSION = YES;
				CLANG_WARN_INT_CONVERSION = YES;
				CLANG_WARN_NON_LITERAL_NULL_CONVERSION = YES;
				CLANG_WARN_OBJC_IMPLICIT_RETAIN_SELF = YES;
				CLANG_WARN_OBJC_LITERAL_CONVERSION = YES;
				CLANG_WARN_OBJC_ROOT_CLASS = YES_ERROR;
				CLANG_WARN_RANGE_LOOP_ANALYSIS = YES;
				CLANG_WARN_STRICT_PROTOTYPES = YES;
				CLANG_WARN_SUSPICIOUS_MOVE = YES;
				CLANG_WARN_UNGUARDED_AVAILABILITY = YES_AGGRESSIVE;
				CLANG_WARN_UNREACHABLE_CODE = YES;
				CLANG_WARN__DUPLICATE_METHOD_MATCH = YES;
				COPY_PHASE_STRIP = NO;
				DEBUG_INFORMATION_FORMAT = "dwarf-with-dsym";
				ENABLE_NS_ASSERTIONS = NO;
				ENABLE_STRICT_OBJC_MSGSEND = YES;
				GCC_C_LANGUAGE_STANDARD = gnu11;
				GCC_NO_COMMON_BLOCKS = YES;
				GCC_WARN_64_TO_32_BIT_CONVERSION = YES;
				GCC_WARN_ABOUT_RETURN_TYPE = YES_ERROR;
				GCC_WARN_UNDECLARED_SELECTOR = YES;
				GCC_WARN_UNINITIALIZED_AUTOS = YES_AGGRESSIVE;
				GCC_WARN_UNUSED_FUNCTION = YES;
				GCC_WARN_UNUSED_VARIABLE = YES;
				IPHONEOS_DEPLOYMENT_TARGET = 13.2;
				MTL_ENABLE_DEBUG_INFO = NO;
				MTL_FAST_MATH = YES;
				SDKROOT = iphoneos;
				SWIFT_COMPILATION_MODE = wholemodule;
				SWIFT_OPTIMIZATION_LEVEL = "-O";
				VALIDATE_PRODUCT = YES;
			};
			name = Release;
		};
		04937C5924330E4700739FD8 /* Debug */ = {
			isa = XCBuildConfiguration;
			baseConfigurationReference = 710221D5E9670788475BCC9B /* Pods-SharonovAntonVK.debug.xcconfig */;
			buildSettings = {
				ASSETCATALOG_COMPILER_APPICON_NAME = AppIcon;
				CODE_SIGN_STYLE = Automatic;
				DEVELOPMENT_TEAM = 95Q9USMQJL;
				INFOPLIST_FILE = SharonovAntonVK/Info.plist;
				LD_RUNPATH_SEARCH_PATHS = (
					"$(inherited)",
					"@executable_path/Frameworks",
				);
				PRODUCT_BUNDLE_IDENTIFIER = AntonSharonov.SharonovAntonVK;
				PRODUCT_NAME = "$(TARGET_NAME)";
				SWIFT_VERSION = 5.0;
				TARGETED_DEVICE_FAMILY = "1,2";
			};
			name = Debug;
		};
		04937C5A24330E4700739FD8 /* Release */ = {
			isa = XCBuildConfiguration;
			baseConfigurationReference = FFD3C0F72586A6F18D6F8377 /* Pods-SharonovAntonVK.release.xcconfig */;
			buildSettings = {
				ASSETCATALOG_COMPILER_APPICON_NAME = AppIcon;
				CODE_SIGN_STYLE = Automatic;
				DEVELOPMENT_TEAM = 95Q9USMQJL;
				INFOPLIST_FILE = SharonovAntonVK/Info.plist;
				LD_RUNPATH_SEARCH_PATHS = (
					"$(inherited)",
					"@executable_path/Frameworks",
				);
				PRODUCT_BUNDLE_IDENTIFIER = AntonSharonov.SharonovAntonVK;
				PRODUCT_NAME = "$(TARGET_NAME)";
				SWIFT_VERSION = 5.0;
				TARGETED_DEVICE_FAMILY = "1,2";
			};
			name = Release;
		};
/* End XCBuildConfiguration section */

/* Begin XCConfigurationList section */
		04937C3F24330E4400739FD8 /* Build configuration list for PBXProject "SharonovAntonVK" */ = {
			isa = XCConfigurationList;
			buildConfigurations = (
				04937C5624330E4700739FD8 /* Debug */,
				04937C5724330E4700739FD8 /* Release */,
			);
			defaultConfigurationIsVisible = 0;
			defaultConfigurationName = Release;
		};
		04937C5824330E4700739FD8 /* Build configuration list for PBXNativeTarget "SharonovAntonVK" */ = {
			isa = XCConfigurationList;
			buildConfigurations = (
				04937C5924330E4700739FD8 /* Debug */,
				04937C5A24330E4700739FD8 /* Release */,
			);
			defaultConfigurationIsVisible = 0;
			defaultConfigurationName = Release;
		};
/* End XCConfigurationList section */
	};
	rootObject = 04937C3C24330E4400739FD8 /* Project object */;
}
